Microsoft Visual Studio Solution File, Format Version 12.00
# Visual Studio Version 17
VisualStudioVersion = 17.5.2.0
MinimumVisualStudioVersion = 10.0.40219.1
Project("{FAE04EC0-301F-11D3-BF4B-00C04F79EFBC}") = "OssmmasoftVerticalSlice", "OssmmasoftVerticalSlice.csproj", "{B0994019-D210-BB6C-0F46-C7CA3410B7B6}"
EndProject
Global
	GlobalSection(SolutionConfigurationPlatforms) = preSolution
		Debug|Any CPU = Debug|Any CPU
		Release|Any CPU = Release|Any CPU
	EndGlobalSection
	GlobalSection(ProjectConfigurationPlatforms) = postSolution
		{B0994019-D210-BB6C-0F46-C7CA3410B7B6}.Debug|Any CPU.ActiveCfg = Debug|Any CPU
		{B0994019-D210-BB6C-0F46-C7CA3410B7B6}.Debug|Any CPU.Build.0 = Debug|Any CPU
		{B0994019-D210-BB6C-0F46-C7CA3410B7B6}.Release|Any CPU.ActiveCfg = Release|Any CPU
		{B0994019-D210-BB6C-0F46-C7CA3410B7B6}.Release|Any CPU.Build.0 = Release|Any CPU
	EndGlobalSection
	GlobalSection(SolutionProperties) = preSolution
		HideSolutionNode = FALSE
	EndGlobalSection
	GlobalSection(ExtensibilityGlobals) = postSolution
		SolutionGuid = {19DAA327-9B40-4ABB-A019-54A4427A1813}
	EndGlobalSection
EndGlobal
